# This file is automatically @generated by Poetry 2.2.1 and should not be changed by hand.

[[package]]
name = "black"
version = "25.11.0"
description = "The uncompromising code formatter."
optional = false
python-versions = ">=3.9"
groups = ["dev"]
files = [
    {file = "black-25.11.0-cp310-cp310-macosx_10_9_x86_64.whl", hash = "sha256:ec311e22458eec32a807f029b2646f661e6859c3f61bc6d9ffb67958779f392e"},
    {file = "black-25.11.0-cp310-cp310-macosx_11_0_arm64.whl", hash = "sha256:1032639c90208c15711334d681de2e24821af0575573db2810b0763bcd62e0f0"},
    {file = "black-25.11.0-cp310-cp310-manylinux2014_x86_64.manylinux_2_17_x86_64.manylinux_2_28_x86_64.whl", hash = "sha256:0c0f7c461df55cf32929b002335883946a4893d759f2df343389c4396f3b6b37"},
    {file = "black-25.11.0-cp310-cp310-win_amd64.whl", hash = "sha256:f9786c24d8e9bd5f20dc7a7f0cdd742644656987f6ea6947629306f937726c03"},
    {file = "black-25.11.0-cp311-cp311-macosx_10_9_x86_64.whl", hash = "sha256:895571922a35434a9d8ca67ef926da6bc9ad464522a5fe0db99b394ef1c0675a"},
    {file = "black-25.11.0-cp311-cp311-macosx_11_0_arm64.whl", hash = "sha256:cb4f4b65d717062191bdec8e4a442539a8ea065e6af1c4f4d36f0cdb5f71e170"},
    {file = "black-25.11.0-cp311-cp311-manylinux2014_x86_64.manylinux_2_17_x86_64.manylinux_2_28_x86_64.whl", hash = "sha256:d81a44cbc7e4f73a9d6ae449ec2317ad81512d1e7dce7d57f6333fd6259737bc"},
    {file = "black-25.11.0-cp311-cp311-win_amd64.whl", hash = "sha256:7eebd4744dfe92ef1ee349dc532defbf012a88b087bb7ddd688ff59a447b080e"},
    {file = "black-25.11.0-cp312-cp312-macosx_10_13_x86_64.whl", hash = "sha256:80e7486ad3535636657aa180ad32a7d67d7c273a80e12f1b4bfa0823d54e8fac"},
    {file = "black-25.11.0-cp312-cp312-macosx_11_0_arm64.whl", hash = "sha256:6cced12b747c4c76bc09b4db057c319d8545307266f41aaee665540bc0e04e96"},
    {file = "black-25.11.0-cp312-cp312-manylinux2014_x86_64.manylinux_2_17_x86_64.manylinux_2_28_x86_64.whl", hash = "sha256:6cb2d54a39e0ef021d6c5eef442e10fd71fcb491be6413d083a320ee768329dd"},
    {file = "black-25.11.0-cp312-cp312-win_amd64.whl", hash = "sha256:ae263af2f496940438e5be1a0c1020e13b09154f3af4df0835ea7f9fe7bfa409"},
    {file = "black-25.11.0-cp313-cp313-macosx_10_13_x86_64.whl", hash = "sha256:0a1d40348b6621cc20d3d7530a5b8d67e9714906dfd7346338249ad9c6cedf2b"},
    {file = "black-25.11.0-cp313-cp313-macosx_11_0_arm64.whl", hash = "sha256:51c65d7d60bb25429ea2bf0731c32b2a2442eb4bd3b2afcb47830f0b13e58bfd"},
    {file = "black-25.11.0-cp313-cp313-manylinux2014_x86_64.manylinux_2_17_x86_64.manylinux_2_28_x86_64.whl", hash = "sha256:936c4dd07669269f40b497440159a221ee435e3fddcf668e0c05244a9be71993"},
    {file = "black-25.11.0-cp313-cp313-win_amd64.whl", hash = "sha256:f42c0ea7f59994490f4dccd64e6b2dd49ac57c7c84f38b8faab50f8759db245c"},
    {file = "black-25.11.0-cp314-cp314-macosx_10_15_x86_64.whl", hash = "sha256:35690a383f22dd3e468c85dc4b915217f87667ad9cce781d7b42678ce63c4170"},
    {file = "black-25.11.0-cp314-cp314-macosx_11_0_arm64.whl", hash = "sha256:dae49ef7369c6caa1a1833fd5efb7c3024bb7e4499bf64833f65ad27791b1545"},
    {file = "black-25.11.0-cp314-cp314-manylinux2014_x86_64.manylinux_2_17_x86_64.manylinux_2_28_x86_64.whl", hash = "sha256:5bd4a22a0b37401c8e492e994bce79e614f91b14d9ea911f44f36e262195fdda"},
    {file = "black-25.11.0-cp314-cp314-win_amd64.whl", hash = "sha256:aa211411e94fdf86519996b7f5f05e71ba34835d8f0c0f03c00a26271da02664"},
    {file = "black-25.11.0-cp39-cp39-macosx_10_9_x86_64.whl", hash = "sha256:a3bb5ce32daa9ff0605d73b6f19da0b0e6c1f8f2d75594db539fdfed722f2b06"},
    {file = "black-25.11.0-cp39-cp39-macosx_11_0_arm64.whl", hash = "sha256:9815ccee1e55717fe9a4b924cae1646ef7f54e0f990da39a34fc7b264fcf80a2"},
    {file = "black-25.11.0-cp39-cp39-manylinux2014_x86_64.manylinux_2_17_x86_64.manylinux_2_28_x86_64.whl", hash = "sha256:92285c37b93a1698dcbc34581867b480f1ba3a7b92acf1fe0467b04d7a4da0dc"},
    {file = "black-25.11.0-cp39-cp39-win_amd64.whl", hash = "sha256:43945853a31099c7c0ff8dface53b4de56c41294fa6783c0441a8b1d9bf668bc"},
    {file = "black-25.11.0-py3-none-any.whl", hash = "sha256:e3f562da087791e96cefcd9dda058380a442ab322a02e222add53736451f604b"},
    {file = "black-25.11.0.tar.gz", hash = "sha256:9a323ac32f5dc75ce7470501b887250be5005a01602e931a15e45593f70f6e08"},
]

[package.dependencies]
click = ">=8.0.0"
mypy-extensions = ">=0.4.3"
packaging = ">=22.0"
pathspec = ">=0.9.0"
platformdirs = ">=2"
pytokens = ">=0.3.0"
tomli = {version = ">=1.1.0", markers = "python_version < \"3.11\""}
typing-extensions = {version = ">=4.0.1", markers = "python_version < \"3.11\""}

[package.extras]
colorama = ["colorama (>=0.4.3)"]
d = ["aiohttp (>=3.10)"]
jupyter = ["ipython (>=7.8.0)", "tokenize-rt (>=3.2.0)"]
uvloop = ["uvloop (>=0.15.2)"]

[[package]]
name = "certifi"
version = "2023.7.22"
description = "Python package for providing Mozilla's CA Bundle."
optional = false
python-versions = ">=3.6"
groups = ["main"]
files = [
    {file = "certifi-2023.7.22-py3-none-any.whl", hash = "sha256:92d6037539857d8206b8f6ae472e8b77db8058fec5937a1ef3f54304089edbb9"},
    {file = "certifi-2023.7.22.tar.gz", hash = "sha256:539cc1d13202e33ca466e88b2807e29f4c13049d6d87031a3c110744495cb082"},
]

[[package]]
name = "charset-normalizer"
version = "3.2.0"
description = "The Real First Universal Charset Detector. Open, modern and actively maintained alternative to Chardet."
optional = false
python-versions = ">=3.7.0"
groups = ["main"]
files = [
    {file = "charset-normalizer-3.2.0.tar.gz", hash = "sha256:3bb3d25a8e6c0aedd251753a79ae98a093c7e7b471faa3aa9a93a81431987ace"},
    {file = "charset_normalizer-3.2.0-cp310-cp310-macosx_10_9_universal2.whl", hash = "sha256:0b87549028f680ca955556e3bd57013ab47474c3124dc069faa0b6545b6c9710"},
    {file = "charset_normalizer-3.2.0-cp310-cp310-macosx_10_9_x86_64.whl", hash = "sha256:7c70087bfee18a42b4040bb9ec1ca15a08242cf5867c58726530bdf3945672ed"},
    {file = "charset_normalizer-3.2.0-cp310-cp310-macosx_11_0_arm64.whl", hash = "sha256:a103b3a7069b62f5d4890ae1b8f0597618f628b286b03d4bc9195230b154bfa9"},
    {file = "charset_normalizer-3.2.0-cp310-cp310-manylinux_2_17_aarch64.manylinux2014_aarch64.whl", hash = "sha256:94aea8eff76ee6d1cdacb07dd2123a68283cb5569e0250feab1240058f53b623"},
    {file = "charset_normalizer-3.2.0-cp310-cp310-manylinux_2_17_ppc64le.manylinux2014_ppc64le.whl", hash = "sha256:db901e2ac34c931d73054d9797383d0f8009991e723dab15109740a63e7f902a"},
    {file = "charset_normalizer-3.2.0-cp310-cp310-manylinux_2_17_s390x.manylinux2014_s390x.whl", hash = "sha256:b0dac0ff919ba34d4df1b6131f59ce95b08b9065233446be7e459f95554c0dc8"},
    {file = "charset_normalizer-3.2.0-cp310-cp310-manylinux_2_17_x86_64.manylinux2014_x86_64.whl", hash = "sha256:193cbc708ea3aca45e7221ae58f0fd63f933753a9bfb498a3b474878f12caaad"},
    {file = "charset_normalizer-3.2.0-cp310-cp310-manylinux_2_5_i686.manylinux1_i686.manylinux_2_17_i686.manylinux2014_i686.whl", hash = "sha256:09393e1b2a9461950b1c9a45d5fd251dc7c6f228acab64da1c9c0165d9c7765c"},
    {file = "charset_normalizer-3.2.0-cp310-cp310-musllinux_1_1_aarch64.whl", hash = "sha256:baacc6aee0b2ef6f3d308e197b5d7a81c0e70b06beae1f1fcacffdbd124fe0e3"},
    {file = "charset_normalizer-3.2.0-cp310-cp310-musllinux_1_1_i686.whl", hash = "sha256:bf420121d4c8dce6b889f0e8e4ec0ca34b7f40186203f06a946fa0276ba54029"},
    {file = "charset_normalizer-3.2.0-cp310-cp310-musllinux_1_1_ppc64le.whl", hash = "sha256:c04a46716adde8d927adb9457bbe39cf473e1e2c2f5d0a16ceb837e5d841ad4f"},
    {file = "charset_normalizer-3.2.0-cp310-cp310-musllinux_1_1_s390x.whl", hash = "sha256:aaf63899c94de41fe3cf934601b0f7ccb6b428c6e4eeb80da72c58eab077b19a"},
    {file = "charset_normalizer-3.2.0-cp310-cp310-musllinux_1_1_x86_64.whl", hash = "sha256:d62e51710986674142526ab9f78663ca2b0726066ae26b78b22e0f5e571238dd"},
    {file = "charset_normalizer-3.2.0-cp310-cp310-win32.whl", hash = "sha256:04e57ab9fbf9607b77f7d057974694b4f6b142da9ed4a199859d9d4d5c63fe96"},
    {file = "charset_normalizer-3.2.0-cp310-cp310-win_amd64.whl", hash = "sha256:48021783bdf96e3d6de03a6e39a1171ed5bd7e8bb93fc84cc649d11490f87cea"},
    {file = "charset_normalizer-3.2.0-cp311-cp311-macosx_10_9_universal2.whl", hash = "sha256:4957669ef390f0e6719db3613ab3a7631e68424604a7b448f079bee145da6e09"},
    {file = "charset_normalizer-3.2.0-cp311-cp311-macosx_10_9_x86_64.whl", hash = "sha256:46fb8c61d794b78ec7134a715a3e564aafc8f6b5e338417cb19fe9f57a5a9bf2"},
    {file = "charset_normalizer-3.2.0-cp311-cp311-macosx_11_0_arm64.whl", hash = "sha256:f779d3ad205f108d14e99bb3859aa7dd8e9c68874617c72354d7ecaec2a054ac"},
    {file = "charset_normalizer-3.2.0-cp311-cp311-manylinux_2_17_aarch64.manylinux2014_aarch64.whl", hash = "sha256:f25c229a6ba38a35ae6e25ca1264621cc25d4d38dca2942a7fce0b67a4efe918"},
    {file = "charset_normalizer-3.2.0-cp311-cp311-manylinux_2_17_ppc64le.manylinux2014_ppc64le.whl", hash = "sha256:2efb1bd13885392adfda4614c33d3b68dee4921fd0ac1d3988f8cbb7d589e72a"},
    {file = "charset_normalizer-3.2.0-cp311-cp311-manylinux_2_17_s390x.manylinux2014_s390x.whl", hash = "sha256:1f30b48dd7fa1474554b0b0f3fdfdd4c13b5c737a3c6284d3cdc424ec0ffff3a"},
    {file = "charset_normalizer-3.2.0-cp311-cp311-manylinux_2_17_x86_64.manylinux2014_x86_64.whl", hash = "sha256:246de67b99b6851627d945db38147d1b209a899311b1305dd84916f2b88526c6"},
    {file = "charset_normalizer-3.2.0-cp311-cp311-manylinux_2_5_i686.manylinux1_i686.manylinux_2_17_i686.manylinux2014_i686.whl", hash = "sha256:9bd9b3b31adcb054116447ea22caa61a285d92e94d710aa5ec97992ff5eb7cf3"},
    {file = "charset_normalizer-3.2.0-cp311-cp311-musllinux_1_1_aarch64.whl", hash = "sha256:8c2f5e83493748286002f9369f3e6607c565a6a90425a3a1fef5ae32a36d749d"},
    {file = "charset_normalizer-3.2.0-cp311-cp311-musllinux_1_1_i686.whl", hash = "sha256:3170c9399da12c9dc66366e9d14da8bf7147e1e9d9ea566067bbce7bb74bd9c2"},
    {file = "charset_normalizer-3.2.0-cp311-cp311-musllinux_1_1_ppc64le.whl", hash = "sha256:7a4826ad2bd6b07ca615c74ab91f32f6c96d08f6fcc3902ceeedaec8cdc3bcd6"},
    {file = "charset_normalizer-3.2.0-cp311-cp311-musllinux_1_1_s390x.whl", hash = "sha256:3b1613dd5aee995ec6d4c69f00378bbd07614702a315a2cf6c1d21461fe17c23"},
    {file = "charset_normalizer-3.2.0-cp311-cp311-musllinux_1_1_x86_64.whl", hash = "sha256:9e608aafdb55eb9f255034709e20d5a83b6d60c054df0802fa9c9883d0a937aa"},
    {file = "charset_normalizer-3.2.0-cp311-cp311-win32.whl", hash = "sha256:f2a1d0fd4242bd8643ce6f98927cf9c04540af6efa92323e9d3124f57727bfc1"},
    {file = "charset_normalizer-3.2.0-cp311-cp311-win_amd64.whl", hash = "sha256:681eb3d7e02e3c3655d1b16059fbfb605ac464c834a0c629048a30fad2b27489"},
    {file = "charset_normalizer-3.2.0-cp37-cp37m-macosx_10_9_x86_64.whl", hash = "sha256:c57921cda3a80d0f2b8aec7e25c8aa14479ea92b5b51b6876d975d925a2ea346"},
    {file = "charset_normalizer-3.2.0-cp37-cp37m-manylinux_2_17_aarch64.manylinux2014_aarch64.whl", hash = "sha256:41b25eaa7d15909cf3ac4c96088c1f266a9a93ec44f87f1d13d4a0e86c81b982"},
    {file = "charset_normalizer-3.2.0-cp37-cp37m-manylinux_2_17_ppc64le.manylinux2014_ppc64le.whl", hash = "sha256:f058f6963fd82eb143c692cecdc89e075fa0828db2e5b291070485390b2f1c9c"},
    {file = "charset_normalizer-3.2.0-cp37-cp37m-manylinux_2_17_s390x.manylinux2014_s390x.whl", hash = "sha256:a7647ebdfb9682b7bb97e2a5e7cb6ae735b1c25008a70b906aecca294ee96cf4"},
    {file = "charset_normalizer-3.2.0-cp37-cp37m-manylinux_2_17_x86_64.manylinux2014_x86_64.whl", hash = "sha256:eef9df1eefada2c09a5e7a40991b9fc6ac6ef20b1372abd48d2794a316dc0449"},
    {file = "charset_normalizer-3.2.0-cp37-cp37m-manylinux_2_5_i686.manylinux1_i686.manylinux_2_17_i686.manylinux2014_i686.whl", hash = "sha256:e03b8895a6990c9ab2cdcd0f2fe44088ca1c65ae592b8f795c3294af00a461c3"},
    {file = "charset_normalizer-3.2.0-cp37-cp37m-musllinux_1_1_aarch64.whl", hash = "sha256:ee4006268ed33370957f55bf2e6f4d263eaf4dc3cfc473d1d90baff6ed36ce4a"},
    {file = "charset_normalizer-3.2.0-cp37-cp37m-musllinux_1_1_i686.whl", hash = "sha256:c4983bf937209c57240cff65906b18bb35e64ae872da6a0db937d7b4af845dd7"},
    {file = "charset_normalizer-3.2.0-cp37-cp37m-musllinux_1_1_ppc64le.whl", hash = "sha256:3bb7fda7260735efe66d5107fb7e6af6a7c04c7fce9b2514e04b7a74b06bf5dd"},
    {file = "charset_normalizer-3.2.0-cp37-cp37m-musllinux_1_1_s390x.whl", hash = "sha256:72814c01533f51d68702802d74f77ea026b5ec52793c791e2da806a3844a46c3"},
    {file = "charset_normalizer-3.2.0-cp37-cp37m-musllinux_1_1_x86_64.whl", hash = "sha256:70c610f6cbe4b9fce272c407dd9d07e33e6bf7b4aa1b7ffb6f6ded8e634e3592"},
    {file = "charset_normalizer-3.2.0-cp37-cp37m-win32.whl", hash = "sha256:a401b4598e5d3f4a9a811f3daf42ee2291790c7f9d74b18d75d6e21dda98a1a1"},
    {file = "charset_normalizer-3.2.0-cp37-cp37m-win_amd64.whl", hash = "sha256:c0b21078a4b56965e2b12f247467b234734491897e99c1d51cee628da9786959"},
    {file = "charset_normalizer-3.2.0-cp38-cp38-macosx_10_9_universal2.whl", hash = "sha256:95eb302ff792e12aba9a8b8f8474ab229a83c103d74a750ec0bd1c1eea32e669"},
    {file = "charset_normalizer-3.2.0-cp38-cp38-macosx_10_9_x86_64.whl", hash = "sha256:1a100c6d595a7f316f1b6f01d20815d916e75ff98c27a01ae817439ea7726329"},
    {file = "charset_normalizer-3.2.0-cp38-cp38-macosx_11_0_arm64.whl", hash = "sha256:6339d047dab2780cc6220f46306628e04d9750f02f983ddb37439ca47ced7149"},
    {file = "charset_normalizer-3.2.0-cp38-cp38-manylinux_2_17_aarch64.manylinux2014_aarch64.whl", hash = "sha256:e4b749b9cc6ee664a3300bb3a273c1ca8068c46be705b6c31cf5d276f8628a94"},
    {file = "charset_normalizer-3.2.0-cp38-cp38-manylinux_2_17_ppc64le.manylinux2014_ppc64le.whl", hash = "sha256:a38856a971c602f98472050165cea2cdc97709240373041b69030be15047691f"},
    {file = "charset_normalizer-3.2.0-cp38-cp38-manylinux_2_17_s390x.manylinux2014_s390x.whl", hash = "sha256:f87f746ee241d30d6ed93969de31e5ffd09a2961a051e60ae6bddde9ec3583aa"},
    {file = "charset_normalizer-3.2.0-cp38-cp38-manylinux_2_17_x86_64.manylinux2014_x86_64.whl", hash = "sha256:89f1b185a01fe560bc8ae5f619e924407efca2191b56ce749ec84982fc59a32a"},
    {file = "charset_normalizer-3.2.0-cp38-cp38-manylinux_2_5_i686.manylinux1_i686.manylinux_2_17_i686.manylinux2014_i686.whl", hash = "sha256:e1c8a2f4c69e08e89632defbfabec2feb8a8d99edc9f89ce33c4b9e36ab63037"},
    {file = "charset_normalizer-3.2.0-cp38-cp38-musllinux_1_1_aarch64.whl", hash = "sha256:2f4ac36d8e2b4cc1aa71df3dd84ff8efbe3bfb97ac41242fbcfc053c67434f46"},
    {file = "charset_normalizer-3.2.0-cp38-cp38-musllinux_1_1_i686.whl", hash = "sha256:a386ebe437176aab38c041de1260cd3ea459c6ce5263594399880bbc398225b2"},
    {file = "charset_normalizer-3.2.0-cp38-cp38-musllinux_1_1_ppc64le.whl", hash = "sha256:ccd16eb18a849fd8dcb23e23380e2f0a354e8daa0c984b8a732d9cfaba3a776d"},
    {file = "charset_normalizer-3.2.0-cp38-cp38-musllinux_1_1_s390x.whl", hash = "sha256:e6a5bf2cba5ae1bb80b154ed68a3cfa2fa00fde979a7f50d6598d3e17d9ac20c"},
    {file = "charset_normalizer-3.2.0-cp38-cp38-musllinux_1_1_x86_64.whl", hash = "sha256:45de3f87179c1823e6d9e32156fb14c1927fcc9aba21433f088fdfb555b77c10"},
    {file = "charset_normalizer-3.2.0-cp38-cp38-win32.whl", hash = "sha256:1000fba1057b92a65daec275aec30586c3de2401ccdcd41f8a5c1e2c87078706"},
    {file = "charset_normalizer-3.2.0-cp38-cp38-win_amd64.whl", hash = "sha256:8b2c760cfc7042b27ebdb4a43a4453bd829a5742503599144d54a032c5dc7e9e"},
    {file = "charset_normalizer-3.2.0-cp39-cp39-macosx_10_9_universal2.whl", hash = "sha256:855eafa5d5a2034b4621c74925d89c5efef61418570e5ef9b37717d9c796419c"},
    {file = "charset_normalizer-3.2.0-cp39-cp39-macosx_10_9_x86_64.whl", hash = "sha256:203f0c8871d5a7987be20c72442488a0b8cfd0f43b7973771640fc593f56321f"},
    {file = "charset_normalizer-3.2.0-cp39-cp39-macosx_11_0_arm64.whl", hash = "sha256:e857a2232ba53ae940d3456f7533ce6ca98b81917d47adc3c7fd55dad8fab858"},
    {file = "charset_normalizer-3.2.0-cp39-cp39-manylinux_2_17_aarch64.manylinux2014_aarch64.whl", hash = "sha256:5e86d77b090dbddbe78867a0275cb4df08ea195e660f1f7f13435a4649e954e5"},
    {file = "charset_normalizer-3.2.0-cp39-cp39-manylinux_2_17_ppc64le.manylinux2014_ppc64le.whl", hash = "sha256:c4fb39a81950ec280984b3a44f5bd12819953dc5fa3a7e6fa7a80db5ee853952"},
    {file = "charset_normalizer-3.2.0-cp39-cp39-manylinux_2_17_s390x.manylinux2014_s390x.whl", hash = "sha256:2dee8e57f052ef5353cf608e0b4c871aee320dd1b87d351c28764fc0ca55f9f4"},
    {file = "charset_normalizer-3.2.0-cp39-cp39-manylinux_2_17_x86_64.manylinux2014_x86_64.whl", hash = "sha256:8700f06d0ce6f128de3ccdbc1acaea1ee264d2caa9ca05daaf492fde7c2a7200"},
    {file = "charset_normalizer-3.2.0-cp39-cp39-manylinux_2_5_i686.manylinux1_i686.manylinux_2_17_i686.manylinux2014_i686.whl", hash = "sha256:1920d4ff15ce893210c1f0c0e9d19bfbecb7983c76b33f046c13a8ffbd570252"},
    {file = "charset_normalizer-3.2.0-cp39-cp39-musllinux_1_1_aarch64.whl", hash = "sha256:c1c76a1743432b4b60ab3358c937a3fe1341c828ae6194108a94c69028247f22"},
    {file = "charset_normalizer-3.2.0-cp39-cp39-musllinux_1_1_i686.whl", hash = "sha256:f7560358a6811e52e9c4d142d497f1a6e10103d3a6881f18d04dbce3729c0e2c"},
    {file = "charset_normalizer-3.2.0-cp39-cp39-musllinux_1_1_ppc64le.whl", hash = "sha256:c8063cf17b19661471ecbdb3df1c84f24ad2e389e326ccaf89e3fb2484d8dd7e"},
    {file = "charset_normalizer-3.2.0-cp39-cp39-musllinux_1_1_s390x.whl", hash = "sha256:cd6dbe0238f7743d0efe563ab46294f54f9bc8f4b9bcf57c3c666cc5bc9d1299"},
    {file = "charset_normalizer-3.2.0-cp39-cp39-musllinux_1_1_x86_64.whl", hash = "sha256:1249cbbf3d3b04902ff081ffbb33ce3377fa6e4c7356f759f3cd076cc138d020"},
    {file = "charset_normalizer-3.2.0-cp39-cp39-win32.whl", hash = "sha256:6c409c0deba34f147f77efaa67b8e4bb83d2f11c8806405f76397ae5b8c0d1c9"},
    {file = "charset_normalizer-3.2.0-cp39-cp39-win_amd64.whl", hash = "sha256:7095f6fbfaa55defb6b733cfeb14efaae7a29f0b59d8cf213be4e7ca0b857b80"},
    {file = "charset_normalizer-3.2.0-py3-none-any.whl", hash = "sha256:8e098148dd37b4ce3baca71fb394c81dc5d9c7728c95df695d2dca218edf40e6"},
]

[[package]]
name = "click"
version = "8.1.6"
description = "Composable command line interface toolkit"
optional = false
python-versions = ">=3.7"
groups = ["dev"]
files = [
    {file = "click-8.1.6-py3-none-any.whl", hash = "sha256:fa244bb30b3b5ee2cae3da8f55c9e5e0c0e86093306301fb418eb9dc40fbded5"},
    {file = "click-8.1.6.tar.gz", hash = "sha256:48ee849951919527a045bfe3bf7baa8a959c423134e1a5b98c05c20ba75a1cbd"},
]

[package.dependencies]
colorama = {version = "*", markers = "platform_system == \"Windows\""}

[[package]]
name = "colorama"
version = "0.4.6"
description = "Cross-platform colored terminal text."
optional = false
python-versions = "!=3.0.*,!=3.1.*,!=3.2.*,!=3.3.*,!=3.4.*,!=3.5.*,!=3.6.*,>=2.7"
groups = ["dev"]
markers = "platform_system == \"Windows\""
files = [
    {file = "colorama-0.4.6-py2.py3-none-any.whl", hash = "sha256:4f1d9991f5acc0ca119f9d443620b77f9d6b33703e51011c16baf57afb285fc6"},
    {file = "colorama-0.4.6.tar.gz", hash = "sha256:08695f5cb7ed6e0531a20572697297273c47b8cae5a63ffc6d6ed5c201be6e44"},
]

[[package]]
name = "idna"
version = "3.4"
description = "Internationalized Domain Names in Applications (IDNA)"
optional = false
python-versions = ">=3.5"
groups = ["main"]
files = [
    {file = "idna-3.4-py3-none-any.whl", hash = "sha256:90b77e79eaa3eba6de819a0c442c0b4ceefc341a7a2ab77d7562bf49f425c5c2"},
    {file = "idna-3.4.tar.gz", hash = "sha256:814f528e8dead7d329833b91c5faa87d60bf71824cd12a7530b5526063d02cb4"},
]

[[package]]
name = "librt"
version = "0.6.3"
description = "Mypyc runtime library"
optional = false
python-versions = ">=3.9"
groups = ["dev"]
files = [
    {file = "librt-0.6.3-cp310-cp310-macosx_10_9_x86_64.whl", hash = "sha256:45660d26569cc22ed30adf583389d8a0d1b468f8b5e518fcf9bfe2cd298f9dd1"},
    {file = "librt-0.6.3-cp310-cp310-macosx_11_0_arm64.whl", hash = "sha256:54f3b2177fb892d47f8016f1087d21654b44f7fc4cf6571c1c6b3ea531ab0fcf"},
    {file = "librt-0.6.3-cp310-cp310-manylinux1_i686.manylinux_2_28_i686.manylinux_2_5_i686.whl", hash = "sha256:c5b31bed2c2f2fa1fcb4815b75f931121ae210dc89a3d607fb1725f5907f1437"},
    {file = "librt-0.6.3-cp310-cp310-manylinux2014_aarch64.manylinux_2_17_aarch64.manylinux_2_28_aarch64.whl", hash = "sha256:8f8ed5053ef9fb08d34f1fd80ff093ccbd1f67f147633a84cf4a7d9b09c0f089"},
    {file = "librt-0.6.3-cp310-cp310-manylinux2014_x86_64.manylinux_2_17_x86_64.manylinux_2_28_x86_64.whl", hash = "sha256:3f0e4bd9bcb0ee34fa3dbedb05570da50b285f49e52c07a241da967840432513"},
    {file = "librt-0.6.3-cp310-cp310-musllinux_1_2_aarch64.whl", hash = "sha256:d8f89c8d20dfa648a3f0a56861946eb00e5b00d6b00eea14bc5532b2fcfa8ef1"},
    {file = "librt-0.6.3-cp310-cp310-musllinux_1_2_i686.whl", hash = "sha256:ecc2c526547eacd20cb9fbba19a5268611dbc70c346499656d6cf30fae328977"},
    {file = "librt-0.6.3-cp310-cp310-musllinux_1_2_x86_64.whl", hash = "sha256:fbedeb9b48614d662822ee514567d2d49a8012037fc7b4cd63f282642c2f4b7d"},
    {file = "librt-0.6.3-cp310-cp310-win32.whl", hash = "sha256:0765b0fe0927d189ee14b087cd595ae636bef04992e03fe6dfdaa383866c8a46"},
    {file = "librt-0.6.3-cp310-cp310-win_amd64.whl", hash = "sha256:8c659f9fb8a2f16dc4131b803fa0144c1dadcb3ab24bb7914d01a6da58ae2457"},
    {file = "librt-0.6.3-cp311-cp311-macosx_10_9_x86_64.whl", hash = "sha256:61348cc488b18d1b1ff9f3e5fcd5ac43ed22d3e13e862489d2267c2337285c08"},
    {file = "librt-0.6.3-cp311-cp311-macosx_11_0_arm64.whl", hash = "sha256:64645b757d617ad5f98c08e07620bc488d4bced9ced91c6279cec418f16056fa"},
    {file = "librt-0.6.3-cp311-cp311-manylinux1_i686.manylinux_2_28_i686.manylinux_2_5_i686.whl", hash = "sha256:26b8026393920320bb9a811b691d73c5981385d537ffc5b6e22e53f7b65d4122"},
    {file = "librt-0.6.3-cp311-cp311-manylinux2014_aarch64.manylinux_2_17_aarch64.manylinux_2_28_aarch64.whl", hash = "sha256:d998b432ed9ffccc49b820e913c8f327a82026349e9c34fa3690116f6b70770f"},
    {file = "librt-0.6.3-cp311-cp311-manylinux2014_x86_64.manylinux_2_17_x86_64.manylinux_2_28_x86_64.whl", hash = "sha256:e18875e17ef69ba7dfa9623f2f95f3eda6f70b536079ee6d5763ecdfe6cc9040"},
    {file = "librt-0.6.3-cp311-cp311-musllinux_1_2_aarch64.whl", hash = "sha256:a218f85081fc3f70cddaed694323a1ad7db5ca028c379c214e3a7c11c0850523"},
    {file = "librt-0.6.3-cp311-cp311-musllinux_1_2_i686.whl", hash = "sha256:1ef42ff4edd369e84433ce9b188a64df0837f4f69e3d34d3b34d4955c599d03f"},
    {file = "librt-0.6.3-cp311-cp311-musllinux_1_2_x86_64.whl", hash = "sha256:0e0f2b79993fec23a685b3e8107ba5f8675eeae286675a216da0b09574fa1e47"},
    {file = "librt-0.6.3-cp311-cp311-win32.whl", hash = "sha256:fd98cacf4e0fabcd4005c452cb8a31750258a85cab9a59fb3559e8078da408d7"},
    {file = "librt-0.6.3-cp311-cp311-win_amd64.whl", hash = "sha256:e17b5b42c8045867ca9d1f54af00cc2275198d38de18545edaa7833d7e9e4ac8"},
    {file = "librt-0.6.3-cp311-cp311-win_arm64.whl", hash = "sha256:87597e3d57ec0120a3e1d857a708f80c02c42ea6b00227c728efbc860f067c45"},
    {file = "librt-0.6.3-cp312-cp312-macosx_10_13_x86_64.whl", hash = "sha256:74418f718083009108dc9a42c21bf2e4802d49638a1249e13677585fcc9ca176"},
    {file = "librt-0.6.3-cp312-cp312-macosx_11_0_arm64.whl", hash = "sha256:514f3f363d1ebc423357d36222c37e5c8e6674b6eae8d7195ac9a64903722057"},
    {file = "librt-0.6.3-cp312-cp312-manylinux1_i686.manylinux_2_28_i686.manylinux_2_5_i686.whl", hash = "sha256:cf1115207a5049d1f4b7b4b72de0e52f228d6c696803d94843907111cbf80610"},
    {file = "librt-0.6.3-cp312-cp312-manylinux2014_aarch64.manylinux_2_17_aarch64.manylinux_2_28_aarch64.whl", hash = "sha256:ad8ba80cdcea04bea7b78fcd4925bfbf408961e9d8397d2ee5d3ec121e20c08c"},
    {file = "librt-0.6.3-cp312-cp312-manylinux2014_x86_64.manylinux_2_17_x86_64.manylinux_2_28_x86_64.whl", hash = "sha256:4018904c83eab49c814e2494b4e22501a93cdb6c9f9425533fe693c3117126f9"},
    {file = "librt-0.6.3-cp312-cp312-musllinux_1_2_aarch64.whl", hash = "sha256:8983c5c06ac9c990eac5eb97a9f03fe41dc7e9d7993df74d9e8682a1056f596c"},
    {file = "librt-0.6.3-cp312-cp312-musllinux_1_2_i686.whl", hash = "sha256:d7769c579663a6f8dbf34878969ac71befa42067ce6bf78e6370bf0d1194997c"},
    {file = "librt-0.6.3-cp312-cp312-musllinux_1_2_x86_64.whl", hash = "sha256:d3c9a07eafdc70556f8c220da4a538e715668c0c63cabcc436a026e4e89950bf"},
    {file = "librt-0.6.3-cp312-cp312-win32.whl", hash = "sha256:38320386a48a15033da295df276aea93a92dfa94a862e06893f75ea1d8bbe89d"},
    {file = "librt-0.6.3-cp312-cp312-win_amd64.whl", hash = "sha256:c0ecf4786ad0404b072196b5df774b1bb23c8aacdcacb6c10b4128bc7b00bd01"},
    {file = "librt-0.6.3-cp312-cp312-win_arm64.whl", hash = "sha256:9f2a6623057989ebc469cd9cc8fe436c40117a0147627568d03f84aef7854c55"},
    {file = "librt-0.6.3-cp313-cp313-macosx_10_13_x86_64.whl", hash = "sha256:9e716f9012148a81f02f46a04fc4c663420c6fbfeacfac0b5e128cf43b4413d3"},
    {file = "librt-0.6.3-cp313-cp313-macosx_11_0_arm64.whl", hash = "sha256:669ff2495728009a96339c5ad2612569c6d8be4474e68f3f3ac85d7c3261f5f5"},
    {file = "librt-0.6.3-cp313-cp313-manylinux1_i686.manylinux_2_28_i686.manylinux_2_5_i686.whl", hash = "sha256:349b6873ebccfc24c9efd244e49da9f8a5c10f60f07575e248921aae2123fc42"},
    {file = "librt-0.6.3-cp313-cp313-manylinux2014_aarch64.manylinux_2_17_aarch64.manylinux_2_28_aarch64.whl", hash = "sha256:0c74c26736008481c9f6d0adf1aedb5a52aff7361fea98276d1f965c0256ee70"},
    {file = "librt-0.6.3-cp313-cp313-manylinux2014_x86_64.manylinux_2_17_x86_64.manylinux_2_28_x86_64.whl", hash = "sha256:408a36ddc75e91918cb15b03460bdc8a015885025d67e68c6f78f08c3a88f522"},
    {file = "librt-0.6.3-cp313-cp313-musllinux_1_2_aarch64.whl", hash = "sha256:e61ab234624c9ffca0248a707feffe6fac2343758a36725d8eb8a6efef0f8c30"},
    {file = "librt-0.6.3-cp313-cp313-musllinux_1_2_i686.whl", hash = "sha256:324462fe7e3896d592b967196512491ec60ca6e49c446fe59f40743d08c97917"},
    {file = "librt-0.6.3-cp313-cp313-musllinux_1_2_x86_64.whl", hash = "sha256:36b2ec8c15030002c7f688b4863e7be42820d7c62d9c6eece3db54a2400f0530"},
    {file = "librt-0.6.3-cp313-cp313-win32.whl", hash = "sha256:25b1b60cb059471c0c0c803e07d0dfdc79e41a0a122f288b819219ed162672a3"},
    {file = "librt-0.6.3-cp313-cp313-win_amd64.whl", hash = "sha256:10a95ad074e2a98c9e4abc7f5b7d40e5ecbfa84c04c6ab8a70fabf59bd429b88"},
    {file = "librt-0.6.3-cp313-cp313-win_arm64.whl", hash = "sha256:17000df14f552e86877d67e4ab7966912224efc9368e998c96a6974a8d609bf9"},
    {file = "librt-0.6.3-cp314-cp314-macosx_10_13_x86_64.whl", hash = "sha256:8e695f25d1a425ad7a272902af8ab8c8d66c1998b177e4b5f5e7b4e215d0c88a"},
    {file = "librt-0.6.3-cp314-cp314-macosx_11_0_arm64.whl", hash = "sha256:3e84a4121a7ae360ca4da436548a9c1ca8ca134a5ced76c893cc5944426164bd"},
    {file = "librt-0.6.3-cp314-cp314-manylinux1_i686.manylinux_2_28_i686.manylinux_2_5_i686.whl", hash = "sha256:05f385a414de3f950886ea0aad8f109650d4b712cf9cc14cc17f5f62a9ab240b"},
    {file = "librt-0.6.3-cp314-cp314-manylinux2014_aarch64.manylinux_2_17_aarch64.manylinux_2_28_aarch64.whl", hash = "sha256:36a8e337461150b05ca2c7bdedb9e591dfc262c5230422cea398e89d0c746cdc"},
    {file = "librt-0.6.3-cp314-cp314-manylinux2014_x86_64.manylinux_2_17_x86_64.manylinux_2_28_x86_64.whl", hash = "sha256:dcbe48f6a03979384f27086484dc2a14959be1613cb173458bd58f714f2c48f3"},
    {file = "librt-0.6.3-cp314-cp314-musllinux_1_2_aarch64.whl", hash = "sha256:4bca9e4c260233fba37b15c4ec2f78aa99c1a79fbf902d19dd4a763c5c3fb751"},
    {file = "librt-0.6.3-cp314-cp314-musllinux_1_2_i686.whl", hash = "sha256:760c25ed6ac968e24803eb5f7deb17ce026902d39865e83036bacbf5cf242aa8"},
    {file = "librt-0.6.3-cp314-cp314-musllinux_1_2_x86_64.whl", hash = "sha256:4aa4a93a353ccff20df6e34fa855ae8fd788832c88f40a9070e3ddd3356a9f0e"},
    {file = "librt-0.6.3-cp314-cp314-win32.whl", hash = "sha256:cb92741c2b4ea63c09609b064b26f7f5d9032b61ae222558c55832ec3ad0bcaf"},
    {file = "librt-0.6.3-cp314-cp314-win_amd64.whl", hash = "sha256:fdcd095b1b812d756fa5452aca93b962cf620694c0cadb192cec2bb77dcca9a2"},
    {file = "librt-0.6.3-cp314-cp314-win_arm64.whl", hash = "sha256:822ca79e28720a76a935c228d37da6579edef048a17cd98d406a2484d10eda78"},
    {file = "librt-0.6.3-cp314-cp314t-macosx_10_13_x86_64.whl", hash = "sha256:078cd77064d1640cb7b0650871a772956066174d92c8aeda188a489b58495179"},
    {file = "librt-0.6.3-cp314-cp314t-macosx_11_0_arm64.whl", hash = "sha256:5cc22f7f5c0cc50ed69f4b15b9c51d602aabc4500b433aaa2ddd29e578f452f7"},
    {file = "librt-0.6.3-cp314-cp314t-manylinux1_i686.manylinux_2_28_i686.manylinux_2_5_i686.whl", hash = "sha256:14b345eb7afb61b9fdcdfda6738946bd11b8e0f6be258666b0646af3b9bb5916"},
    {file = "librt-0.6.3-cp314-cp314t-manylinux2014_aarch64.manylinux_2_17_aarch64.manylinux_2_28_aarch64.whl", hash = "sha256:6d46aa46aa29b067f0b8b84f448fd9719aaf5f4c621cc279164d76a9dc9ab3e8"},
    {file = "librt-0.6.3-cp314-cp314t-manylinux2014_x86_64.manylinux_2_17_x86_64.manylinux_2_28_x86_64.whl", hash = "sha256:1b51ba7d9d5d9001494769eca8c0988adce25d0a970c3ba3f2eb9df9d08036fc"},
    {file = "librt-0.6.3-cp314-cp314t-musllinux_1_2_aarch64.whl", hash = "sha256:ced0925a18fddcff289ef54386b2fc230c5af3c83b11558571124bfc485b8c07"},
    {file = "librt-0.6.3-cp314-cp314t-musllinux_1_2_i686.whl", hash = "sha256:6bac97e51f66da2ca012adddbe9fd656b17f7368d439de30898f24b39512f40f"},
    {file = "librt-0.6.3-cp314-cp314t-musllinux_1_2_x86_64.whl", hash = "sha256:b2922a0e8fa97395553c304edc3bd36168d8eeec26b92478e292e5d4445c1ef0"},
    {file = "librt-0.6.3-cp314-cp314t-win32.whl", hash = "sha256:f33462b19503ba68d80dac8a1354402675849259fb3ebf53b67de86421735a3a"},
    {file = "librt-0.6.3-cp314-cp314t-win_amd64.whl", hash = "sha256:04f8ce401d4f6380cfc42af0f4e67342bf34c820dae01343f58f472dbac75dcf"},
    {file = "librt-0.6.3-cp314-cp314t-win_arm64.whl", hash = "sha256:afb39550205cc5e5c935762c6bf6a2bb34f7d21a68eadb25e2db7bf3593fecc0"},
    {file = "librt-0.6.3-cp39-cp39-macosx_10_9_x86_64.whl", hash = "sha256:09262cb2445b6f15d09141af20b95bb7030c6f13b00e876ad8fdd1a9045d6aa5"},
    {file = "librt-0.6.3-cp39-cp39-macosx_11_0_arm64.whl", hash = "sha256:57705e8eec76c5b77130d729c0f70190a9773366c555c5457c51eace80afd873"},
    {file = "librt-0.6.3-cp39-cp39-manylinux1_i686.manylinux_2_28_i686.manylinux_2_5_i686.whl", hash = "sha256:3ac2a7835434b31def8ed5355dd9b895bbf41642d61967522646d1d8b9681106"},
    {file = "librt-0.6.3-cp39-cp39-manylinux2014_aarch64.manylinux_2_17_aarch64.manylinux_2_28_aarch64.whl", hash = "sha256:71f0a5918aebbea1e7db2179a8fe87e8a8732340d9e8b8107401fb407eda446e"},
    {file = "librt-0.6.3-cp39-cp39-manylinux2014_x86_64.manylinux_2_17_x86_64.manylinux_2_28_x86_64.whl", hash = "sha256:aa346e202e6e1ebc01fe1c69509cffe486425884b96cb9ce155c99da1ecbe0e9"},
    {file = "librt-0.6.3-cp39-cp39-musllinux_1_2_aarch64.whl", hash = "sha256:92267f865c7bbd12327a0d394666948b9bf4b51308b52947c0cc453bfa812f5d"},
    {file = "librt-0.6.3-cp39-cp39-musllinux_1_2_i686.whl", hash = "sha256:86605d5bac340beb030cbc35859325982a79047ebdfba1e553719c7126a2389d"},
    {file = "librt-0.6.3-cp39-cp39-musllinux_1_2_x86_64.whl", hash = "sha256:98e4bbecbef8d2a60ecf731d735602feee5ac0b32117dbbc765e28b054bac912"},
    {file = "librt-0.6.3-cp39-cp39-win32.whl", hash = "sha256:3caa0634c02d5ff0b2ae4a28052e0d8c5f20d497623dc13f629bd4a9e2a6efad"},
    {file = "librt-0.6.3-cp39-cp39-win_amd64.whl", hash = "sha256:b47395091e7e0ece1e6ebac9b98bf0c9084d1e3d3b2739aa566be7e56e3f7bf2"},
    {file = "librt-0.6.3.tar.gz", hash = "sha256:c724a884e642aa2bbad52bb0203ea40406ad742368a5f90da1b220e970384aae"},
]

[[package]]
name = "mypy"
version = "1.19.0"
description = "Optional static typing for Python"
optional = false
python-versions = ">=3.9"
groups = ["dev"]
files = [
    {file = "mypy-1.19.0-cp310-cp310-macosx_10_9_x86_64.whl", hash = "sha256:6148ede033982a8c5ca1143de34c71836a09f105068aaa8b7d5edab2b053e6c8"},
    {file = "mypy-1.19.0-cp310-cp310-macosx_11_0_arm64.whl", hash = "sha256:a9ac09e52bb0f7fb912f5d2a783345c72441a08ef56ce3e17c1752af36340a39"},
    {file = "mypy-1.19.0-cp310-cp310-manylinux2014_aarch64.manylinux_2_17_aarch64.manylinux_2_28_aarch64.whl", hash = "sha256:11f7254c15ab3f8ed68f8e8f5cbe88757848df793e31c36aaa4d4f9783fd08ab"},
    {file = "mypy-1.19.0-cp310-cp310-manylinux2014_x86_64.manylinux_2_17_x86_64.manylinux_2_28_x86_64.whl", hash = "sha256:318ba74f75899b0e78b847d8c50821e4c9637c79d9a59680fc1259f29338cb3e"},
    {file = "mypy-1.19.0-cp310-cp310-musllinux_1_2_x86_64.whl", hash = "sha256:cf7d84f497f78b682edd407f14a7b6e1a2212b433eedb054e2081380b7395aa3"},
    {file = "mypy-1.19.0-cp310-cp310-win_amd64.whl", hash = "sha256:c3385246593ac2b97f155a0e9639be906e73534630f663747c71908dfbf26134"},
    {file = "mypy-1.19.0-cp311-cp311-macosx_10_9_x86_64.whl", hash = "sha256:a31e4c28e8ddb042c84c5e977e28a21195d086aaffaf08b016b78e19c9ef8106"},
    {file = "mypy-1.19.0-cp311-cp311-macosx_11_0_arm64.whl", hash = "sha256:34ec1ac66d31644f194b7c163d7f8b8434f1b49719d403a5d26c87fff7e913f7"},
    {file = "mypy-1.19.0-cp311-cp311-manylinux2014_aarch64.manylinux_2_17_aarch64.manylinux_2_28_aarch64.whl", hash = "sha256:cb64b0ba5980466a0f3f9990d1c582bcab8db12e29815ecb57f1408d99b4bff7"},
    {file = "mypy-1.19.0-cp311-cp311-manylinux2014_x86_64.manylinux_2_17_x86_64.manylinux_2_28_x86_64.whl", hash = "sha256:120cffe120cca5c23c03c77f84abc0c14c5d2e03736f6c312480020082f1994b"},
    {file = "mypy-1.19.0-cp311-cp311-musllinux_1_2_x86_64.whl", hash = "sha256:7a500ab5c444268a70565e374fc803972bfd1f09545b13418a5174e29883dab7"},
    {file = "mypy-1.19.0-cp311-cp311-win_amd64.whl", hash = "sha256:c14a98bc63fd867530e8ec82f217dae29d0550c86e70debc9667fff1ec83284e"},
    {file = "mypy-1.19.0-cp312-cp312-macosx_10_13_x86_64.whl", hash = "sha256:0fb3115cb8fa7c5f887c8a8d81ccdcb94cff334684980d847e5a62e926910e1d"},
    {file = "mypy-1.19.0-cp312-cp312-macosx_11_0_arm64.whl", hash = "sha256:f3e19e3b897562276bb331074d64c076dbdd3e79213f36eed4e592272dabd760"},
    {file = "mypy-1.19.0-cp312-cp312-manylinux2014_aarch64.manylinux_2_17_aarch64.manylinux_2_28_aarch64.whl", hash = "sha256:b9d491295825182fba01b6ffe2c6fe4e5a49dbf4e2bb4d1217b6ced3b4797bc6"},
    {file = "mypy-1.19.0-cp312-cp312-manylinux2014_x86_64.manylinux_2_17_x86_64.manylinux_2_28_x86_64.whl", hash = "sha256:6016c52ab209919b46169651b362068f632efcd5eb8ef9d1735f6f86da7853b2"},
    {file = "mypy-1.19.0-cp312-cp312-musllinux_1_2_x86_64.whl", hash = "sha256:f188dcf16483b3e59f9278c4ed939ec0254aa8a60e8fc100648d9ab5ee95a431"},
    {file = "mypy-1.19.0-cp312-cp312-win_amd64.whl", hash = "sha256:0e3c3d1e1d62e678c339e7ade72746a9e0325de42cd2cccc51616c7b2ed1a018"},
    {file = "mypy-1.19.0-cp313-cp313-macosx_10_13_x86_64.whl", hash = "sha256:7686ed65dbabd24d20066f3115018d2dce030d8fa9db01aa9f0a59b6813e9f9e"},
    {file = "mypy-1.19.0-cp313-cp313-macosx_11_0_arm64.whl", hash = "sha256:fd4a985b2e32f23bead72e2fb4bbe5d6aceee176be471243bd831d5b2644672d"},
    {file = "mypy-1.19.0-cp313-cp313-manylinux2014_aarch64.manylinux_2_17_aarch64.manylinux_2_28_aarch64.whl", hash = "sha256:fc51a5b864f73a3a182584b1ac75c404396a17eced54341629d8bdcb644a5bba"},
    {file = "mypy-1.19.0-cp313-cp313-manylinux2014_x86_64.manylinux_2_17_x86_64.manylinux_2_28_x86_64.whl", hash = "sha256:37af5166f9475872034b56c5efdcf65ee25394e9e1d172907b84577120714364"},
    {file = "mypy-1.19.0-cp313-cp313-musllinux_1_2_x86_64.whl", hash = "sha256:510c014b722308c9bd377993bcbf9a07d7e0692e5fa8fc70e639c1eb19fc6bee"},
    {file = "mypy-1.19.0-cp313-cp313-win_amd64.whl", hash = "sha256:cabbee74f29aa9cd3b444ec2f1e4fa5a9d0d746ce7567a6a609e224429781f53"},
    {file = "mypy-1.19.0-cp314-cp314-macosx_10_15_x86_64.whl", hash = "sha256:f2e36bed3c6d9b5f35d28b63ca4b727cb0228e480826ffc8953d1892ddc8999d"},
    {file = "mypy-1.19.0-cp314-cp314-macosx_11_0_arm64.whl", hash = "sha256:a18d8abdda14035c5718acb748faec09571432811af129bf0d9e7b2d6699bf18"},
    {file = "mypy-1.19.0-cp314-cp314-manylinux2014_aarch64.manylinux_2_17_aarch64.manylinux_2_28_aarch64.whl", hash = "sha256:f75e60aca3723a23511948539b0d7ed514dda194bc3755eae0bfc7a6b4887aa7"},
    {file = "mypy-1.19.0-cp314-cp314-manylinux2014_x86_64.manylinux_2_17_x86_64.manylinux_2_28_x86_64.whl", hash = "sha256:8f44f2ae3c58421ee05fe609160343c25f70e3967f6e32792b5a78006a9d850f"},
    {file = "mypy-1.19.0-cp314-cp314-musllinux_1_2_x86_64.whl", hash = "sha256:63ea6a00e4bd6822adbfc75b02ab3653a17c02c4347f5bb0cf1d5b9df3a05835"},
    {file = "mypy-1.19.0-cp314-cp314-win_amd64.whl", hash = "sha256:3ad925b14a0bb99821ff6f734553294aa6a3440a8cb082fe1f5b84dfb662afb1"},
    {file = "mypy-1.19.0-cp39-cp39-macosx_10_9_x86_64.whl", hash = "sha256:0dde5cb375cb94deff0d4b548b993bec52859d1651e073d63a1386d392a95495"},
    {file = "mypy-1.19.0-cp39-cp39-macosx_11_0_arm64.whl", hash = "sha256:1cf9c59398db1c68a134b0b5354a09a1e124523f00bacd68e553b8bd16ff3299"},
    {file = "mypy-1.19.0-cp39-cp39-manylinux2014_aarch64.manylinux_2_17_aarch64.manylinux_2_28_aarch64.whl", hash = "sha256:3210d87b30e6af9c8faed61be2642fcbe60ef77cec64fa1ef810a630a4cf671c"},
    {file = "mypy-1.19.0-cp39-cp39-manylinux2014_x86_64.manylinux_2_17_x86_64.manylinux_2_28_x86_64.whl", hash = "sha256:e2c1101ab41d01303103ab6ef82cbbfedb81c1a060c868fa7cc013d573d37ab5"},
    {file = "mypy-1.19.0-cp39-cp39-musllinux_1_2_x86_64.whl", hash = "sha256:0ea4fd21bb48f0da49e6d3b37ef6bd7e8228b9fe41bbf4d80d9364d11adbd43c"},
    {file = "mypy-1.19.0-cp39-cp39-win_amd64.whl", hash = "sha256:16f76ff3f3fd8137aadf593cb4607d82634fca675e8211ad75c43d86033ee6c6"},
    {file = "mypy-1.19.0-py3-none-any.whl", hash = "sha256:0c01c99d626380752e527d5ce8e69ffbba2046eb8a060db0329690849cf9b6f9"},
    {file = "mypy-1.19.0.tar.gz", hash = "sha256:f6b874ca77f733222641e5c46e4711648c4037ea13646fd0cdc814c2eaec2528"},
]

[package.dependencies]
librt = ">=0.6.2"
mypy_extensions = ">=1.0.0"
pathspec = ">=0.9.0"
tomli = {version = ">=1.1.0", markers = "python_version < \"3.11\""}
typing_extensions = ">=4.6.0"

[package.extras]
dmypy = ["psutil (>=4.0)"]
faster-cache = ["orjson"]
install-types = ["pip"]
mypyc = ["setuptools (>=50)"]
reports = ["lxml"]

[[package]]
name = "mypy-extensions"
version = "1.0.0"
description = "Type system extensions for programs checked with the mypy type checker."
optional = false
python-versions = ">=3.5"
groups = ["dev"]
files = [
    {file = "mypy_extensions-1.0.0-py3-none-any.whl", hash = "sha256:4392f6c0eb8a5668a69e23d168ffa70f0be9ccfd32b5cc2d26a34ae5b844552d"},
    {file = "mypy_extensions-1.0.0.tar.gz", hash = "sha256:75dbf8955dc00442a438fc4d0666508a9a97b6bd41aa2f0ffe9d2f2725af0782"},
]

[[package]]
name = "packaging"
version = "25.0"
description = "Core utilities for Python packages"
optional = false
python-versions = ">=3.8"
groups = ["main", "dev"]
files = [
    {file = "packaging-25.0-py3-none-any.whl", hash = "sha256:29572ef2b1f17581046b3a2227d5c611fb25ec70ca1ba8554b24b0e69331a484"},
    {file = "packaging-25.0.tar.gz", hash = "sha256:d443872c98d677bf60f6a1f2f8c1cb748e8fe762d2bf9d3148b5599295b0fc4f"},
]

[[package]]
name = "pathspec"
version = "0.11.2"
description = "Utility library for gitignore style pattern matching of file paths."
optional = false
python-versions = ">=3.7"
groups = ["dev"]
files = [
    {file = "pathspec-0.11.2-py3-none-any.whl", hash = "sha256:1d6ed233af05e679efb96b1851550ea95bbb64b7c490b0f5aa52996c11e92a20"},
    {file = "pathspec-0.11.2.tar.gz", hash = "sha256:e0d8d0ac2f12da61956eb2306b69f9469b42f4deb0f3cb6ed47b9cce9996ced3"},
]

[[package]]
name = "platformdirs"
version = "3.10.0"
description = "A small Python package for determining appropriate platform-specific dirs, e.g. a \"user data dir\"."
optional = false
python-versions = ">=3.7"
groups = ["dev"]
files = [
    {file = "platformdirs-3.10.0-py3-none-any.whl", hash = "sha256:d7c24979f292f916dc9cbf8648319032f551ea8c49a4c9bf2fb556a02070ec1d"},
    {file = "platformdirs-3.10.0.tar.gz", hash = "sha256:b45696dab2d7cc691a3226759c0d3b00c47c8b6e293d96f6436f733303f77f6d"},
]

[package.extras]
docs = ["furo (>=2023.7.26)", "proselint (>=0.13)", "sphinx (>=7.1.1)", "sphinx-autodoc-typehints (>=1.24)"]
test = ["appdirs (==1.4.4)", "covdefaults (>=2.3)", "pytest (>=7.4)", "pytest-cov (>=4.1)", "pytest-mock (>=3.11.1)"]

[[package]]
name = "pytokens"
version = "0.3.0"
description = "A Fast, spec compliant Python 3.14+ tokenizer that runs on older Pythons."
optional = false
python-versions = ">=3.8"
groups = ["dev"]
files = [
    {file = "pytokens-0.3.0-py3-none-any.whl", hash = "sha256:95b2b5eaf832e469d141a378872480ede3f251a5a5041b8ec6e581d3ac71bbf3"},
    {file = "pytokens-0.3.0.tar.gz", hash = "sha256:2f932b14ed08de5fcf0b391ace2642f858f1394c0857202959000b68ed7a458a"},
]

[package.extras]
dev = ["black", "build", "mypy", "pytest", "pytest-cov", "setuptools", "tox", "twine", "wheel"]

[[package]]
name = "requests"
version = "2.32.5"
description = "Python HTTP for Humans."
optional = false
python-versions = ">=3.9"
groups = ["main"]
files = [
    {file = "requests-2.32.5-py3-none-any.whl", hash = "sha256:2462f94637a34fd532264295e186976db0f5d453d1cdd31473c85a6a161affb6"},
    {file = "requests-2.32.5.tar.gz", hash = "sha256:dbba0bac56e100853db0ea71b82b4dfd5fe2bf6d3754a8893c3af500cec7d7cf"},
]

[package.dependencies]
certifi = ">=2017.4.17"
charset_normalizer = ">=2,<4"
idna = ">=2.5,<4"
urllib3 = ">=1.21.1,<3"

[package.extras]
socks = ["PySocks (>=1.5.6,!=1.5.7)"]
use-chardet-on-py3 = ["chardet (>=3.0.2,<6)"]

[[package]]
name = "tomli"
version = "2.0.1"
description = "A lil' TOML parser"
optional = false
python-versions = ">=3.7"
groups = ["dev"]
markers = "python_version == \"3.10\""
files = [
    {file = "tomli-2.0.1-py3-none-any.whl", hash = "sha256:939de3e7a6161af0c887ef91b7d41a53e7c5a1ca976325f429cb46ea9bc30ecc"},
    {file = "tomli-2.0.1.tar.gz", hash = "sha256:de526c12914f0c550d15924c62d72abc48d6fe7364aa87328337a31007fe8a4f"},
]

[[package]]
name = "types-requests"
version = "2.32.4.20250913"
description = "Typing stubs for requests"
optional = false
python-versions = ">=3.9"
groups = ["dev"]
files = [
    {file = "types_requests-2.32.4.20250913-py3-none-any.whl", hash = "sha256:78c9c1fffebbe0fa487a418e0fa5252017e9c60d1a2da394077f1780f655d7e1"},
    {file = "types_requests-2.32.4.20250913.tar.gz", hash = "sha256:abd6d4f9ce3a9383f269775a9835a4c24e5cd6b9f647d64f88aa4613c33def5d"},
]

[package.dependencies]
urllib3 = ">=2"

[[package]]
name = "typing-extensions"
version = "4.7.1"
description = "Backported and Experimental Type Hints for Python 3.7+"
optional = false
python-versions = ">=3.7"
groups = ["dev"]
files = [
    {file = "typing_extensions-4.7.1-py3-none-any.whl", hash = "sha256:440d5dd3af93b060174bf433bccd69b0babc3b15b1a8dca43789fd7f61514b36"},
    {file = "typing_extensions-4.7.1.tar.gz", hash = "sha256:b75ddc264f0ba5615db7ba217daeb99701ad295353c45f9e95963337ceeeffb2"},
]

[[package]]
name = "urllib3"
version = "2.0.4"
description = "HTTP library with thread-safe connection pooling, file post, and more."
optional = false
python-versions = ">=3.7"
groups = ["main", "dev"]
files = [
    {file = "urllib3-2.0.4-py3-none-any.whl", hash = "sha256:de7df1803967d2c2a98e4b11bb7d6bd9210474c46e8a0401514e3a42a75ebde4"},
    {file = "urllib3-2.0.4.tar.gz", hash = "sha256:8d22f86aae8ef5e410d4f539fde9ce6b2113a001bb4d189e0aed70642d602b11"},
]

[package.extras]
brotli = ["brotli (>=1.0.9) ; platform_python_implementation == \"CPython\"", "brotlicffi (>=0.8.0) ; platform_python_implementation != \"CPython\""]
secure = ["certifi", "cryptography (>=1.9)", "idna (>=2.0.0)", "pyopenssl (>=17.1.0)", "urllib3-secure-extra"]
socks = ["pysocks (>=1.5.6,!=1.5.7,<2.0)"]
zstd = ["zstandard (>=0.18.0)"]

[metadata]
lock-version = "2.1"
python-versions = "^3.10"
content-hash = "1c4e0e7ef7647a02d376e074f763d4b0bfb1d65d025fc182e5de7844fe137dee"
